
Microsoft Visual Studio Solution File, Format Version 12.00
# Visual Studio Version 17
VisualStudioVersion = 17.6.33829.357
MinimumVisualStudioVersion = 10.0.40219.1
Project("{FAE04EC0-301F-11D3-BF4B-00C04F79EFBC}") = "Lc4Ej1", "Lc4Ej1\Lc4Ej1.csproj", "{BFE0F301-D3D9-49CE-BEC3-510869879B28}"
EndProject
Global
	GlobalSection(SolutionConfigurationPlatforms) = preSolution
		Debug|Any CPU = Debug|Any CPU
		Release|Any CPU = Release|Any CPU
	EndGlobalSection
	GlobalSection(ProjectConfigurationPlatforms) = postSolution
		{BFE0F301-D3D9-49CE-BEC3-510869879B28}.Debug|Any CPU.ActiveCfg = Debug|Any CPU
		{BFE0F301-D3D9-49CE-BEC3-510869879B28}.Debug|Any CPU.Build.0 = Debug|Any CPU
		{BFE0F301-D3D9-49CE-BEC3-510869879B28}.Release|Any CPU.ActiveCfg = Release|Any CPU
		{BFE0F301-D3D9-49CE-BEC3-510869879B28}.Release|Any CPU.Build.0 = Release|Any CPU
	EndGlobalSection
	GlobalSection(SolutionProperties) = preSolution
		HideSolutionNode = FALSE
	EndGlobalSection
	GlobalSection(ExtensibilityGlobals) = postSolution
		SolutionGuid = {B4CED637-CF7F-4326-90DD-E260C375977F}
	EndGlobalSection
EndGlobal
